
Microsoft Visual Studio Solution File, Format Version 12.00
# Visual Studio 15
VisualStudioVersion = 15.0.27004.2009
MinimumVisualStudioVersion = 10.0.40219.1
Project("{F184B08F-C81C-45F6-A57F-5ABD9991F28F}") = "WindowsApp1", "WindowsApp1\WindowsApp1.vbproj", "{CE585906-025D-404E-B8E3-A13C1EF0EDBD}"
EndProject
Global
	GlobalSection(SolutionConfigurationPlatforms) = preSolution
		Debug|Any CPU = Debug|Any CPU
		Release|Any CPU = Release|Any CPU
	EndGlobalSection
	GlobalSection(ProjectConfigurationPlatforms) = postSolution
		{CE585906-025D-404E-B8E3-A13C1EF0EDBD}.Debug|Any CPU.ActiveCfg = Debug|Any CPU
		{CE585906-025D-404E-B8E3-A13C1EF0EDBD}.Debug|Any CPU.Build.0 = Debug|Any CPU
		{CE585906-025D-404E-B8E3-A13C1EF0EDBD}.Release|Any CPU.ActiveCfg = Release|Any CPU
		{CE585906-025D-404E-B8E3-A13C1EF0EDBD}.Release|Any CPU.Build.0 = Release|Any CPU
	EndGlobalSection
	GlobalSection(SolutionProperties) = preSolution
		HideSolutionNode = FALSE
	EndGlobalSection
	GlobalSection(ExtensibilityGlobals) = postSolution
		SolutionGuid = {21F12D88-502B-4D62-810E-53EDE489DEBA}
	EndGlobalSection
EndGlobal
